// !$*UTF8*$!
{
	archiveVersion = 1;
	classes = {
	};
	objectVersion = 55;
	objects = {

/* Begin PBXBuildFile section */
		909D670F27F520020012E3B9 /* BaseApparelComingSoonPageApp.swift in Sources */ = {isa = PBXBuildFile; fileRef = 909D66FF27F520010012E3B9 /* BaseApparelComingSoonPageApp.swift */; };
		909D671027F520020012E3B9 /* BaseApparelComingSoonPageApp.swift in Sources */ = {isa = PBXBuildFile; fileRef = 909D66FF27F520010012E3B9 /* BaseApparelComingSoonPageApp.swift */; };
		909D671127F520020012E3B9 /* ContentView.swift in Sources */ = {isa = PBXBuildFile; fileRef = 909D670027F520010012E3B9 /* ContentView.swift */; };
		909D671227F520020012E3B9 /* ContentView.swift in Sources */ = {isa = PBXBuildFile; fileRef = 909D670027F520010012E3B9 /* ContentView.swift */; };
		909D671327F520020012E3B9 /* Assets.xcassets in Resources */ = {isa = PBXBuildFile; fileRef = 909D670127F520020012E3B9 /* Assets.xcassets */; };
		909D671427F520020012E3B9 /* Assets.xcassets in Resources */ = {isa = PBXBuildFile; fileRef = 909D670127F520020012E3B9 /* Assets.xcassets */; };
		909D672127F522420012E3B9 /* Background.swift in Sources */ = {isa = PBXBuildFile; fileRef = 909D672027F522420012E3B9 /* Background.swift */; };
		909D672327F523340012E3B9 /* Logo.swift in Sources */ = {isa = PBXBuildFile; fileRef = 909D672227F523340012E3B9 /* Logo.swift */; };
		909D672527F523940012E3B9 /* Hero.swift in Sources */ = {isa = PBXBuildFile; fileRef = 909D672427F523940012E3B9 /* Hero.swift */; };
		909D672727F524010012E3B9 /* Title.swift in Sources */ = {isa = PBXBuildFile; fileRef = 909D672627F524010012E3B9 /* Title.swift */; };
		909D672927F525AE0012E3B9 /* EmailForm.swift in Sources */ = {isa = PBXBuildFile; fileRef = 909D672827F525AE0012E3B9 /* EmailForm.swift */; };
		909D672B27F527A50012E3B9 /* SubmitButton.swift in Sources */ = {isa = PBXBuildFile; fileRef = 909D672A27F527A50012E3B9 /* SubmitButton.swift */; };
		909D672D27F5286D0012E3B9 /* CustomTextFieldStyle.swift in Sources */ = {isa = PBXBuildFile; fileRef = 909D672C27F5286D0012E3B9 /* CustomTextFieldStyle.swift */; };
		909D672F27F6A4C60012E3B9 /* ErrorIcon.swift in Sources */ = {isa = PBXBuildFile; fileRef = 909D672E27F6A4C60012E3B9 /* ErrorIcon.swift */; };
		909D673127F6A7360012E3B9 /* WarningText.swift in Sources */ = {isa = PBXBuildFile; fileRef = 909D673027F6A7360012E3B9 /* WarningText.swift */; };
/* End PBXBuildFile section */

/* Begin PBXFileReference section */
		909D66FF27F520010012E3B9 /* BaseApparelComingSoonPageApp.swift */ = {isa = PBXFileReference; lastKnownFileType = sourcecode.swift; path = BaseApparelComingSoonPageApp.swift; sourceTree = "<group>"; };
		909D670027F520010012E3B9 /* ContentView.swift */ = {isa = PBXFileReference; lastKnownFileType = sourcecode.swift; path = ContentView.swift; sourceTree = "<group>"; };
		909D670127F520020012E3B9 /* Assets.xcassets */ = {isa = PBXFileReference; lastKnownFileType = folder.assetcatalog; path = Assets.xcassets; sourceTree = "<group>"; };
		909D670627F520020012E3B9 /* BaseApparelComingSoonPage.app */ = {isa = PBXFileReference; explicitFileType = wrapper.application; includeInIndex = 0; path = BaseApparelComingSoonPage.app; sourceTree = BUILT_PRODUCTS_DIR; };
		909D670C27F520020012E3B9 /* BaseApparelComingSoonPage.app */ = {isa = PBXFileReference; explicitFileType = wrapper.application; includeInIndex = 0; path = BaseApparelComingSoonPage.app; sourceTree = BUILT_PRODUCTS_DIR; };
		909D670E27F520020012E3B9 /* macOS.entitlements */ = {isa = PBXFileReference; lastKnownFileType = text.plist.entitlements; path = macOS.entitlements; sourceTree = "<group>"; };
		909D672027F522420012E3B9 /* Background.swift */ = {isa = PBXFileReference; lastKnownFileType = sourcecode.swift; path = Background.swift; sourceTree = "<group>"; };
		909D672227F523340012E3B9 /* Logo.swift */ = {isa = PBXFileReference; lastKnownFileType = sourcecode.swift; path = Logo.swift; sourceTree = "<group>"; };
		909D672427F523940012E3B9 /* Hero.swift */ = {isa = PBXFileReference; lastKnownFileType = sourcecode.swift; path = Hero.swift; sourceTree = "<group>"; };
		909D672627F524010012E3B9 /* Title.swift */ = {isa = PBXFileReference; lastKnownFileType = sourcecode.swift; path = Title.swift; sourceTree = "<group>"; };
		909D672827F525AE0012E3B9 /* EmailForm.swift */ = {isa = PBXFileReference; lastKnownFileType = sourcecode.swift; path = EmailForm.swift; sourceTree = "<group>"; };
		909D672A27F527A50012E3B9 /* SubmitButton.swift */ = {isa = PBXFileReference; lastKnownFileType = sourcecode.swift; path = SubmitButton.swift; sourceTree = "<group>"; };
		909D672C27F5286D0012E3B9 /* CustomTextFieldStyle.swift */ = {isa = PBXFileReference; lastKnownFileType = sourcecode.swift; path = CustomTextFieldStyle.swift; sourceTree = "<group>"; };
		909D672E27F6A4C60012E3B9 /* ErrorIcon.swift */ = {isa = PBXFileReference; lastKnownFileType = sourcecode.swift; path = ErrorIcon.swift; sourceTree = "<group>"; };
		909D673027F6A7360012E3B9 /* WarningText.swift */ = {isa = PBXFileReference; lastKnownFileType = sourcecode.swift; path = WarningText.swift; sourceTree = "<group>"; };
/* End PBXFileReference section */

/* Begin PBXFrameworksBuildPhase section */
		909D670327F520020012E3B9 /* Frameworks */ = {
			isa = PBXFrameworksBuildPhase;
			buildActionMask = 2147483647;
			files = (
			);
			runOnlyForDeploymentPostprocessing = 0;
		};
		909D670927F520020012E3B9 /* Frameworks */ = {
			isa = PBXFrameworksBuildPhase;
			buildActionMask = 2147483647;
			files = (
			);
			runOnlyForDeploymentPostprocessing = 0;
		};
/* End PBXFrameworksBuildPhase section */

/* Begin PBXGroup section */
		909D66F927F520010012E3B9 = {
			isa = PBXGroup;
			children = (
				909D66FE27F520010012E3B9 /* Shared */,
				909D670D27F520020012E3B9 /* macOS */,
				909D670727F520020012E3B9 /* Products */,
			);
			sourceTree = "<group>";
		};
		909D66FE27F520010012E3B9 /* Shared */ = {
			isa = PBXGroup;
			children = (
				909D671F27F5202E0012E3B9 /* App */,
				909D671E27F520280012E3B9 /* Models */,
				909D671D27F5201E0012E3B9 /* Views */,
			);
			path = Shared;
			sourceTree = "<group>";
		};
		909D670727F520020012E3B9 /* Products */ = {
			isa = PBXGroup;
			children = (
				909D670627F520020012E3B9 /* BaseApparelComingSoonPage.app */,
				909D670C27F520020012E3B9 /* BaseApparelComingSoonPage.app */,
			);
			name = Products;
			sourceTree = "<group>";
		};
		909D670D27F520020012E3B9 /* macOS */ = {
			isa = PBXGroup;
			children = (
				909D670E27F520020012E3B9 /* macOS.entitlements */,
			);
			path = macOS;
			sourceTree = "<group>";
		};
		909D671D27F5201E0012E3B9 /* Views */ = {
			isa = PBXGroup;
			children = (
				909D670027F520010012E3B9 /* ContentView.swift */,
				909D672027F522420012E3B9 /* Background.swift */,
				909D672227F523340012E3B9 /* Logo.swift */,
				909D672427F523940012E3B9 /* Hero.swift */,
				909D672627F524010012E3B9 /* Title.swift */,
				909D672827F525AE0012E3B9 /* EmailForm.swift */,
				909D672A27F527A50012E3B9 /* SubmitButton.swift */,
				909D672C27F5286D0012E3B9 /* CustomTextFieldStyle.swift */,
				909D672E27F6A4C60012E3B9 /* ErrorIcon.swift */,
				909D673027F6A7360012E3B9 /* WarningText.swift */,
			);
			path = Views;
			sourceTree = "<group>";
		};
		909D671E27F520280012E3B9 /* Models */ = {
			isa = PBXGroup;
			children = (
			);
			path = Models;
			sourceTree = "<group>";
		};
		909D671F27F5202E0012E3B9 /* App */ = {
			isa = PBXGroup;
			children = (
				909D670127F520020012E3B9 /* Assets.xcassets */,
				909D66FF27F520010012E3B9 /* BaseApparelComingSoonPageApp.swift */,
			);
			path = App;
			sourceTree = "<group>";
		};
/* End PBXGroup section */

/* Begin PBXNativeTarget section */
		909D670527F520020012E3B9 /* BaseApparelComingSoonPage (iOS) */ = {
			isa = PBXNativeTarget;
			buildConfigurationList = 909D671727F520020012E3B9 /* Build configuration list for PBXNativeTarget "BaseApparelComingSoonPage (iOS)" */;
			buildPhases = (
				909D670227F520020012E3B9 /* Sources */,
				909D670327F520020012E3B9 /* Frameworks */,
				909D670427F520020012E3B9 /* Resources */,
			);
			buildRules = (
			);
			dependencies = (
			);
			name = "BaseApparelComingSoonPage (iOS)";
			productName = "BaseApparelComingSoonPage (iOS)";
			productReference = 909D670627F520020012E3B9 /* BaseApparelComingSoonPage.app */;
			productType = "com.apple.product-type.application";
		};
		909D670B27F520020012E3B9 /* BaseApparelComingSoonPage (macOS) */ = {
			isa = PBXNativeTarget;
			buildConfigurationList = 909D671A27F520020012E3B9 /* Build configuration list for PBXNativeTarget "BaseApparelComingSoonPage (macOS)" */;
			buildPhases = (
				909D670827F520020012E3B9 /* Sources */,
				909D670927F520020012E3B9 /* Frameworks */,
				909D670A27F520020012E3B9 /* Resources */,
			);
			buildRules = (
			);
			dependencies = (
			);
			name = "BaseApparelComingSoonPage (macOS)";
			productName = "BaseApparelComingSoonPage (macOS)";
			productReference = 909D670C27F520020012E3B9 /* BaseApparelComingSoonPage.app */;
			productType = "com.apple.product-type.application";
		};
/* End PBXNativeTarget section */

/* Begin PBXProject section */
		909D66FA27F520010012E3B9 /* Project object */ = {
			isa = PBXProject;
			attributes = {
				BuildIndependentTargetsInParallel = 1;
				LastSwiftUpdateCheck = 1330;
				LastUpgradeCheck = 1330;
				TargetAttributes = {
					909D670527F520020012E3B9 = {
						CreatedOnToolsVersion = 13.3;
					};
					909D670B27F520020012E3B9 = {
						CreatedOnToolsVersion = 13.3;
					};
				};
			};
			buildConfigurationList = 909D66FD27F520010012E3B9 /* Build configuration list for PBXProject "BaseApparelComingSoonPage" */;
			compatibilityVersion = "Xcode 13.0";
			developmentRegion = en;
			hasScannedForEncodings = 0;
			knownRegions = (
				en,
				Base,
			);
			mainGroup = 909D66F927F520010012E3B9;
			productRefGroup = 909D670727F520020012E3B9 /* Products */;
			projectDirPath = "";
			projectRoot = "";
			targets = (
				909D670527F520020012E3B9 /* BaseApparelComingSoonPage (iOS) */,
				909D670B27F520020012E3B9 /* BaseApparelComingSoonPage (macOS) */,
			);
		};
/* End PBXProject section */

/* Begin PBXResourcesBuildPhase section */
		909D670427F520020012E3B9 /* Resources */ = {
			isa = PBXResourcesBuildPhase;
			buildActionMask = 2147483647;
			files = (
				909D671327F520020012E3B9 /* Assets.xcassets in Resources */,
			);
			runOnlyForDeploymentPostprocessing = 0;
		};
		909D670A27F520020012E3B9 /* Resources */ = {
			isa = PBXResourcesBuildPhase;
			buildActionMask = 2147483647;
			files = (
				909D671427F520020012E3B9 /* Assets.xcassets in Resources */,
			);
			runOnlyForDeploymentPostprocessing = 0;
		};
/* End PBXResourcesBuildPhase section */

/* Begin PBXSourcesBuildPhase section */
		909D670227F520020012E3B9 /* Sources */ = {
			isa = PBXSourcesBuildPhase;
			buildActionMask = 2147483647;
			files = (
				909D672527F523940012E3B9 /* Hero.swift in Sources */,
				909D672F27F6A4C60012E3B9 /* ErrorIcon.swift in Sources */,
				909D671127F520020012E3B9 /* ContentView.swift in Sources */,
				909D670F27F520020012E3B9 /* BaseApparelComingSoonPageApp.swift in Sources */,
				909D672327F523340012E3B9 /* Logo.swift in Sources */,
				909D673127F6A7360012E3B9 /* WarningText.swift in Sources */,
				909D672727F524010012E3B9 /* Title.swift in Sources */,
				909D672D27F5286D0012E3B9 /* CustomTextFieldStyle.swift in Sources */,
				909D672B27F527A50012E3B9 /* SubmitButton.swift in Sources */,
				909D672127F522420012E3B9 /* Background.swift in Sources */,
				909D672927F525AE0012E3B9 /* EmailForm.swift in Sources */,
			);
			runOnlyForDeploymentPostprocessing = 0;
		};
		909D670827F520020012E3B9 /* Sources */ = {
			isa = PBXSourcesBuildPhase;
			buildActionMask = 2147483647;
			files = (
				909D671227F520020012E3B9 /* ContentView.swift in Sources */,
				909D671027F520020012E3B9 /* BaseApparelComingSoonPageApp.swift in Sources */,
			);
			runOnlyForDeploymentPostprocessing = 0;
		};
/* End PBXSourcesBuildPhase section */

/* Begin XCBuildConfiguration section */
		909D671527F520020012E3B9 /* Debug */ = {
			isa = XCBuildConfiguration;
			buildSettings = {
				ALWAYS_SEARCH_USER_PATHS = NO;
				CLANG_ANALYZER_NONNULL = YES;
				CLANG_ANALYZER_NUMBER_OBJECT_CONVERSION = YES_AGGRESSIVE;
				CLANG_CXX_LANGUAGE_STANDARD = "gnu++17";
				CLANG_ENABLE_MODULES = YES;
				CLANG_ENABLE_OBJC_ARC = YES;
				CLANG_ENABLE_OBJC_WEAK = YES;
				CLANG_WARN_BLOCK_CAPTURE_AUTORELEASING = YES;
				CLANG_WARN_BOOL_CONVERSION = YES;
				CLANG_WARN_COMMA = YES;
				CLANG_WARN_CONSTANT_CONVERSION = YES;
				CLANG_WARN_DEPRECATED_OBJC_IMPLEMENTATIONS = YES;
				CLANG_WARN_DIRECT_OBJC_ISA_USAGE = YES_ERROR;
				CLANG_WARN_DOCUMENTATION_COMMENTS = YES;
				CLANG_WARN_EMPTY_BODY = YES;
				CLANG_WARN_ENUM_CONVERSION = YES;
				CLANG_WARN_INFINITE_RECURSION = YES;
				CLANG_WARN_INT_CONVERSION = YES;
				CLANG_WARN_NON_LITERAL_NULL_CONVERSION = YES;
				CLANG_WARN_OBJC_IMPLICIT_RETAIN_SELF = YES;
				CLANG_WARN_OBJC_LITERAL_CONVERSION = YES;
				CLANG_WARN_OBJC_ROOT_CLASS = YES_ERROR;
				CLANG_WARN_QUOTED_INCLUDE_IN_FRAMEWORK_HEADER = YES;
				CLANG_WARN_RANGE_LOOP_ANALYSIS = YES;
				CLANG_WARN_STRICT_PROTOTYPES = YES;
				CLANG_WARN_SUSPICIOUS_MOVE = YES;
				CLANG_WARN_UNGUARDED_AVAILABILITY = YES_AGGRESSIVE;
				CLANG_WARN_UNREACHABLE_CODE = YES;
				CLANG_WARN__DUPLICATE_METHOD_MATCH = YES;
				COPY_PHASE_STRIP = NO;
				DEBUG_INFORMATION_FORMAT = dwarf;
				ENABLE_STRICT_OBJC_MSGSEND = YES;
				ENABLE_TESTABILITY = YES;
				GCC_C_LANGUAGE_STANDARD = gnu11;
				GCC_DYNAMIC_NO_PIC = NO;
				GCC_NO_COMMON_BLOCKS = YES;
				GCC_OPTIMIZATION_LEVEL = 0;
				GCC_PREPROCESSOR_DEFINITIONS = (
					"DEBUG=1",
					"$(inherited)",
				);
				GCC_WARN_64_TO_32_BIT_CONVERSION = YES;
				GCC_WARN_ABOUT_RETURN_TYPE = YES_ERROR;
				GCC_WARN_UNDECLARED_SELECTOR = YES;
				GCC_WARN_UNINITIALIZED_AUTOS = YES_AGGRESSIVE;
				GCC_WARN_UNUSED_FUNCTION = YES;
				GCC_WARN_UNUSED_VARIABLE = YES;
				IPHONEOS_DEPLOYMENT_TARGET = 15.4;
				MACOSX_DEPLOYMENT_TARGET = 12.3;
				MTL_ENABLE_DEBUG_INFO = INCLUDE_SOURCE;
				MTL_FAST_MATH = YES;
				ONLY_ACTIVE_ARCH = YES;
				SWIFT_ACTIVE_COMPILATION_CONDITIONS = DEBUG;
				SWIFT_OPTIMIZATION_LEVEL = "-Onone";
			};
			name = Debug;
		};
		909D671627F520020012E3B9 /* Release */ = {
			isa = XCBuildConfiguration;
			buildSettings = {
				ALWAYS_SEARCH_USER_PATHS = NO;
				CLANG_ANALYZER_NONNULL = YES;
				CLANG_ANALYZER_NUMBER_OBJECT_CONVERSION = YES_AGGRESSIVE;
				CLANG_CXX_LANGUAGE_STANDARD = "gnu++17";
				CLANG_ENABLE_MODULES = YES;
				CLANG_ENABLE_OBJC_ARC = YES;
				CLANG_ENABLE_OBJC_WEAK = YES;
				CLANG_WARN_BLOCK_CAPTURE_AUTORELEASING = YES;
				CLANG_WARN_BOOL_CONVERSION = YES;
				CLANG_WARN_COMMA = YES;
				CLANG_WARN_CONSTANT_CONVERSION = YES;
				CLANG_WARN_DEPRECATED_OBJC_IMPLEMENTATIONS = YES;
				CLANG_WARN_DIRECT_OBJC_ISA_USAGE = YES_ERROR;
				CLANG_WARN_DOCUMENTATION_COMMENTS = YES;
				CLANG_WARN_EMPTY_BODY = YES;
				CLANG_WARN_ENUM_CONVERSION = YES;
				CLANG_WARN_INFINITE_RECURSION = YES;
				CLANG_WARN_INT_CONVERSION = YES;
				CLANG_WARN_NON_LITERAL_NULL_CONVERSION = YES;
				CLANG_WARN_OBJC_IMPLICIT_RETAIN_SELF = YES;
				CLANG_WARN_OBJC_LITERAL_CONVERSION = YES;
				CLANG_WARN_OBJC_ROOT_CLASS = YES_ERROR;
				CLANG_WARN_QUOTED_INCLUDE_IN_FRAMEWORK_HEADER = YES;
				CLANG_WARN_RANGE_LOOP_ANALYSIS = YES;
				CLANG_WARN_STRICT_PROTOTYPES = YES;
				CLANG_WARN_SUSPICIOUS_MOVE = YES;
				CLANG_WARN_UNGUARDED_AVAILABILITY = YES_AGGRESSIVE;
				CLANG_WARN_UNREACHABLE_CODE = YES;
				CLANG_WARN__DUPLICATE_METHOD_MATCH = YES;
				COPY_PHASE_STRIP = NO;
				DEBUG_INFORMATION_FORMAT = "dwarf-with-dsym";
				ENABLE_NS_ASSERTIONS = NO;
				ENABLE_STRICT_OBJC_MSGSEND = YES;
				GCC_C_LANGUAGE_STANDARD = gnu11;
				GCC_NO_COMMON_BLOCKS = YES;
				GCC_WARN_64_TO_32_BIT_CONVERSION = YES;
				GCC_WARN_ABOUT_RETURN_TYPE = YES_ERROR;
				GCC_WARN_UNDECLARED_SELECTOR = YES;
				GCC_WARN_UNINITIALIZED_AUTOS = YES_AGGRESSIVE;
				GCC_WARN_UNUSED_FUNCTION = YES;
				GCC_WARN_UNUSED_VARIABLE = YES;
				IPHONEOS_DEPLOYMENT_TARGET = 15.4;
				MACOSX_DEPLOYMENT_TARGET = 12.3;
				MTL_ENABLE_DEBUG_INFO = NO;
				MTL_FAST_MATH = YES;
				SWIFT_COMPILATION_MODE = wholemodule;
				SWIFT_OPTIMIZATION_LEVEL = "-O";
			};
			name = Release;
		};
		909D671827F520020012E3B9 /* Debug */ = {
			isa = XCBuildConfiguration;
			buildSettings = {
				ASSETCATALOG_COMPILER_APPICON_NAME = AppIcon;
				ASSETCATALOG_COMPILER_GLOBAL_ACCENT_COLOR_NAME = AccentColor;
				CODE_SIGN_STYLE = Automatic;
				CURRENT_PROJECT_VERSION = 1;
				DEVELOPMENT_TEAM = 862P2X6G9G;
				ENABLE_PREVIEWS = YES;
				GENERATE_INFOPLIST_FILE = YES;
				INFOPLIST_KEY_UIApplicationSceneManifest_Generation = YES;
				INFOPLIST_KEY_UIApplicationSupportsIndirectInputEvents = YES;
				INFOPLIST_KEY_UILaunchScreen_Generation = YES;
				INFOPLIST_KEY_UISupportedInterfaceOrientations_iPad = "UIInterfaceOrientationPortrait UIInterfaceOrientationPortraitUpsideDown UIInterfaceOrientationLandscapeLeft UIInterfaceOrientationLandscapeRight";
				INFOPLIST_KEY_UISupportedInterfaceOrientations_iPhone = "UIInterfaceOrientationPortrait UIInterfaceOrientationLandscapeLeft UIInterfaceOrientationLandscapeRight";
				IPHONEOS_DEPLOYMENT_TARGET = 15.4;
				LD_RUNPATH_SEARCH_PATHS = (
					"$(inherited)",
					"@executable_path/Frameworks",
				);
				MARKETING_VERSION = 1.0;
				PRODUCT_BUNDLE_IDENTIFIER = me.kim.jinwook.BaseApparelComingSoonPage;
				PRODUCT_NAME = BaseApparelComingSoonPage;
				SDKROOT = iphoneos;
				SWIFT_EMIT_LOC_STRINGS = YES;
				SWIFT_VERSION = 5.0;
				TARGETED_DEVICE_FAMILY = "1,2";
			};
			name = Debug;
		};
		909D671927F520020012E3B9 /* Release */ = {
			isa = XCBuildConfiguration;
			buildSettings = {
				ASSETCATALOG_COMPILER_APPICON_NAME = AppIcon;
				ASSETCATALOG_COMPILER_GLOBAL_ACCENT_COLOR_NAME = AccentColor;
				CODE_SIGN_STYLE = Automatic;
				CURRENT_PROJECT_VERSION = 1;
				DEVELOPMENT_TEAM = 862P2X6G9G;
				ENABLE_PREVIEWS = YES;
				GENERATE_INFOPLIST_FILE = YES;
				INFOPLIST_KEY_UIApplicationSceneManifest_Generation = YES;
				INFOPLIST_KEY_UIApplicationSupportsIndirectInputEvents = YES;
				INFOPLIST_KEY_UILaunchScreen_Generation = YES;
				INFOPLIST_KEY_UISupportedInterfaceOrientations_iPad = "UIInterfaceOrientationPortrait UIInterfaceOrientationPortraitUpsideDown UIInterfaceOrientationLandscapeLeft UIInterfaceOrientationLandscapeRight";
				INFOPLIST_KEY_UISupportedInterfaceOrientations_iPhone = "UIInterfaceOrientationPortrait UIInterfaceOrientationLandscapeLeft UIInterfaceOrientationLandscapeRight";
				IPHONEOS_DEPLOYMENT_TARGET = 15.4;
				LD_RUNPATH_SEARCH_PATHS = (
					"$(inherited)",
					"@executable_path/Frameworks",
				);
				MARKETING_VERSION = 1.0;
				PRODUCT_BUNDLE_IDENTIFIER = me.kim.jinwook.BaseApparelComingSoonPage;
				PRODUCT_NAME = BaseApparelComingSoonPage;
				SDKROOT = iphoneos;
				SWIFT_EMIT_LOC_STRINGS = YES;
				SWIFT_VERSION = 5.0;
				TARGETED_DEVICE_FAMILY = "1,2";
				VALIDATE_PRODUCT = YES;
			};
			name = Release;
		};
		909D671B27F520020012E3B9 /* Debug */ = {
			isa = XCBuildConfiguration;
			buildSettings = {
				ASSETCATALOG_COMPILER_APPICON_NAME = AppIcon;
				ASSETCATALOG_COMPILER_GLOBAL_ACCENT_COLOR_NAME = AccentColor;
				CODE_SIGN_ENTITLEMENTS = macOS/macOS.entitlements;
				CODE_SIGN_STYLE = Automatic;
				COMBINE_HIDPI_IMAGES = YES;
				CURRENT_PROJECT_VERSION = 1;
				DEVELOPMENT_TEAM = 862P2X6G9G;
				ENABLE_HARDENED_RUNTIME = YES;
				ENABLE_PREVIEWS = YES;
				GENERATE_INFOPLIST_FILE = YES;
				INFOPLIST_KEY_NSHumanReadableCopyright = "";
				LD_RUNPATH_SEARCH_PATHS = (
					"$(inherited)",
					"@executable_path/../Frameworks",
				);
				MACOSX_DEPLOYMENT_TARGET = 12.3;
				MARKETING_VERSION = 1.0;
				PRODUCT_BUNDLE_IDENTIFIER = me.kim.jinwook.BaseApparelComingSoonPage;
				PRODUCT_NAME = BaseApparelComingSoonPage;
				SDKROOT = macosx;
				SWIFT_EMIT_LOC_STRINGS = YES;
				SWIFT_VERSION = 5.0;
			};
			name = Debug;
		};
		909D671C27F520020012E3B9 /* Release */ = {
			isa = XCBuildConfiguration;
			buildSettings = {
				ASSETCATALOG_COMPILER_APPICON_NAME = AppIcon;
				ASSETCATALOG_COMPILER_GLOBAL_ACCENT_COLOR_NAME = AccentColor;
				CODE_SIGN_ENTITLEMENTS = macOS/macOS.entitlements;
				CODE_SIGN_STYLE = Automatic;
				COMBINE_HIDPI_IMAGES = YES;
				CURRENT_PROJECT_VERSION = 1;
				DEVELOPMENT_TEAM = 862P2X6G9G;
				ENABLE_HARDENED_RUNTIME = YES;
				ENABLE_PREVIEWS = YES;
				GENERATE_INFOPLIST_FILE = YES;
				INFOPLIST_KEY_NSHumanReadableCopyright = "";
				LD_RUNPATH_SEARCH_PATHS = (
					"$(inherited)",
					"@executable_path/../Frameworks",
				);
				MACOSX_DEPLOYMENT_TARGET = 12.3;
				MARKETING_VERSION = 1.0;
				PRODUCT_BUNDLE_IDENTIFIER = me.kim.jinwook.BaseApparelComingSoonPage;
				PRODUCT_NAME = BaseApparelComingSoonPage;
				SDKROOT = macosx;
				SWIFT_EMIT_LOC_STRINGS = YES;
				SWIFT_VERSION = 5.0;
			};
			name = Release;
		};
/* End XCBuildConfiguration section */

/* Begin XCConfigurationList section */
		909D66FD27F520010012E3B9 /* Build configuration list for PBXProject "BaseApparelComingSoonPage" */ = {
			isa = XCConfigurationList;
			buildConfigurations = (
				909D671527F520020012E3B9 /* Debug */,
				909D671627F520020012E3B9 /* Release */,
			);
			defaultConfigurationIsVisible = 0;
			defaultConfigurationName = Release;
		};
		909D671727F520020012E3B9 /* Build configuration list for PBXNativeTarget "BaseApparelComingSoonPage (iOS)" */ = {
			isa = XCConfigurationList;
			buildConfigurations = (
				909D671827F520020012E3B9 /* Debug */,
				909D671927F520020012E3B9 /* Release */,
			);
			defaultConfigurationIsVisible = 0;
			defaultConfigurationName = Release;
		};
		909D671A27F520020012E3B9 /* Build configuration list for PBXNativeTarget "BaseApparelComingSoonPage (macOS)" */ = {
			isa = XCConfigurationList;
			buildConfigurations = (
				909D671B27F520020012E3B9 /* Debug */,
				909D671C27F520020012E3B9 /* Release */,
			);
			defaultConfigurationIsVisible = 0;
			defaultConfigurationName = Release;
		};
/* End XCConfigurationList section */
	};
	rootObject = 909D66FA27F520010012E3B9 /* Project object */;
}
